<Solution>
  <Configurations>
    <Platform Name="x64" />
    <Platform Name="x86" />
  </Configurations>
  <Project Path="Desktop_Simulation_Engine.csproj">
    <Platform Solution="*|x64" Project="x64" />
    <Platform Solution="*|x86" Project="x86" />
  </Project>
  <Project Path="DSE_StandardLibrary/DSE_StandardLibrary.csproj">
    <Platform Solution="*|x64" Project="x64" />
    <Platform Solution="*|x86" Project="x86" />
  </Project>
  <Project Path="SDL_Backend/SDL3_Backend.csproj">
    <Platform Solution="*|x64" Project="x64" />
    <Platform Solution="*|x86" Project="x86" />
  </Project>
  <Project Path="SDL3_Backend_Tests/SDL3_Backend_Tests.csproj">
    <Platform Solution="*|x64" Project="x64" />
  </Project>
</Solution>
